
Microsoft Visual Studio Solution File, Format Version 12.00
# Visual Studio Version 17
VisualStudioVersion = 17.3.32825.248
MinimumVisualStudioVersion = 10.0.40219.1
Project("{9A19103F-16F7-4668-BE54-9A1E7A4F7556}") = "TP 3 - Ejercicio 1", "TP 3 - Ejercicio 1\TP 3 - Ejercicio 1.csproj", "{67D06BB4-16F3-4DF9-8883-32CAF813BD4E}"
EndProject
Project("{FAE04EC0-301F-11D3-BF4B-00C04F79EFBC}") = "TP3 - Ejercicio 2", "TP3 - Ejercicio 2\TP3 - Ejercicio 2.csproj", "{1CF98D39-022C-438C-A334-098A5ED4A0CC}"
EndProject
Global
	GlobalSection(SolutionConfigurationPlatforms) = preSolution
		Debug|Any CPU = Debug|Any CPU
		Release|Any CPU = Release|Any CPU
	EndGlobalSection
	GlobalSection(ProjectConfigurationPlatforms) = postSolution
		{67D06BB4-16F3-4DF9-8883-32CAF813BD4E}.Debug|Any CPU.ActiveCfg = Debug|Any CPU
		{67D06BB4-16F3-4DF9-8883-32CAF813BD4E}.Debug|Any CPU.Build.0 = Debug|Any CPU
		{67D06BB4-16F3-4DF9-8883-32CAF813BD4E}.Release|Any CPU.ActiveCfg = Release|Any CPU
		{67D06BB4-16F3-4DF9-8883-32CAF813BD4E}.Release|Any CPU.Build.0 = Release|Any CPU
		{1CF98D39-022C-438C-A334-098A5ED4A0CC}.Debug|Any CPU.ActiveCfg = Debug|Any CPU
		{1CF98D39-022C-438C-A334-098A5ED4A0CC}.Debug|Any CPU.Build.0 = Debug|Any CPU
		{1CF98D39-022C-438C-A334-098A5ED4A0CC}.Release|Any CPU.ActiveCfg = Release|Any CPU
		{1CF98D39-022C-438C-A334-098A5ED4A0CC}.Release|Any CPU.Build.0 = Release|Any CPU
	EndGlobalSection
	GlobalSection(SolutionProperties) = preSolution
		HideSolutionNode = FALSE
	EndGlobalSection
	GlobalSection(ExtensibilityGlobals) = postSolution
		SolutionGuid = {4FE00E18-A76A-4DFA-9F97-72BAE94804D6}
	EndGlobalSection
EndGlobal
